
Microsoft Visual Studio Solution File, Format Version 12.00
# Visual Studio Version 16
VisualStudioVersion = 16.0.34114.132
MinimumVisualStudioVersion = 10.0.40219.1
Project("{FAE04EC0-301F-11D3-BF4B-00C04F79EFBC}") = "Sistema Milhas", "Sistema Milhas.csproj", "{34527953-987F-44FD-94D3-4C70EFE0B229}"
EndProject
Global
	GlobalSection(SolutionConfigurationPlatforms) = preSolution
		Debug|Any CPU = Debug|Any CPU
		Release|Any CPU = Release|Any CPU
	EndGlobalSection
	GlobalSection(ProjectConfigurationPlatforms) = postSolution
		{34527953-987F-44FD-94D3-4C70EFE0B229}.Debug|Any CPU.ActiveCfg = Debug|Any CPU
		{34527953-987F-44FD-94D3-4C70EFE0B229}.Debug|Any CPU.Build.0 = Debug|Any CPU
		{34527953-987F-44FD-94D3-4C70EFE0B229}.Release|Any CPU.ActiveCfg = Release|Any CPU
		{34527953-987F-44FD-94D3-4C70EFE0B229}.Release|Any CPU.Build.0 = Release|Any CPU
	EndGlobalSection
	GlobalSection(SolutionProperties) = preSolution
		HideSolutionNode = FALSE
	EndGlobalSection
	GlobalSection(ExtensibilityGlobals) = postSolution
		SolutionGuid = {D2FEAE0F-5961-453A-AC13-F9BCF4A739AD}
	EndGlobalSection
EndGlobal
